{
  "name": "auradigital",
  "version": "1.0.0",
  "lockfileVersion": 3,
  "requires": true,
  "packages": {
    "": {
      "name": "auradigital",
      "version": "1.0.0",
      "devDependencies": {
        "@cloudflare/workers-types": "5.20260905.1",
        "wrangler": "file:tools/wrangler-safe"
      }
    },
    "node_modules/@cloudflare/workers-types": {
      "version": "5.20260905.1",
      "resolved": "https://registry.npmjs.org/@cloudflare/workers-types/-/workers-types-5.20260905.1.tgz",
      "integrity": "sha512-ebDpVTgrnee245IRBTazyfjfmZas+HJehZyVQkKmUozsBN8RzvXXMI0XjjcT2rQjw+0USewfEGGLYiHO+TL0Sg==",
      "dev": true,
      "license": "MIT OR Apache-2.0"
    },
    "node_modules/wrangler": {
      "resolved": "tools/wrangler-safe",
      "link": true
    },
    "tools/wrangler-safe": {
      "name": "wrangler",
      "version": "4.120.1-aura.1",
      "dev": true,
      "bin": {
        "wrangler": "bin/wrangler.mjs"
      }
    }
  }
}
